
Microsoft Visual Studio Solution File, Format Version 12.00
# Visual Studio Version 17
VisualStudioVersion = 17.2.32526.322
MinimumVisualStudioVersion = 10.0.40219.1
Project("{FAE04EC0-301F-11D3-BF4B-00C04F79EFBC}") = "sustav za rezervacije", "sustav za rezervacije\sustav za rezervacije.csproj", "{00FBEFBB-AABB-4D2E-8F82-5BA579D7DDCC}"
EndProject
Global
	GlobalSection(SolutionConfigurationPlatforms) = preSolution
		Debug|Any CPU = Debug|Any CPU
		Release|Any CPU = Release|Any CPU
	EndGlobalSection
	GlobalSection(ProjectConfigurationPlatforms) = postSolution
		{00FBEFBB-AABB-4D2E-8F82-5BA579D7DDCC}.Debug|Any CPU.ActiveCfg = Debug|Any CPU
		{00FBEFBB-AABB-4D2E-8F82-5BA579D7DDCC}.Debug|Any CPU.Build.0 = Debug|Any CPU
		{00FBEFBB-AABB-4D2E-8F82-5BA579D7DDCC}.Release|Any CPU.ActiveCfg = Release|Any CPU
		{00FBEFBB-AABB-4D2E-8F82-5BA579D7DDCC}.Release|Any CPU.Build.0 = Release|Any CPU
	EndGlobalSection
	GlobalSection(SolutionProperties) = preSolution
		HideSolutionNode = FALSE
	EndGlobalSection
	GlobalSection(ExtensibilityGlobals) = postSolution
		SolutionGuid = {2434E9A2-42BE-45B6-8651-EB86117FDF52}
	EndGlobalSection
EndGlobal
